
Microsoft Visual Studio Solution File, Format Version 12.00
# Visual Studio 2012
Project("{FAE04EC0-301F-11D3-BF4B-00C04F79EFBC}") = "DataboundFiles", "DataboundFiles\DataboundFiles.csproj", "{5818C4C5-A35D-4191-8884-67EA4C6C3ECF}"
EndProject
Global
	GlobalSection(SolutionConfigurationPlatforms) = preSolution
		Debug|Any CPU = Debug|Any CPU
		Release|Any CPU = Release|Any CPU
	EndGlobalSection
	GlobalSection(ProjectConfigurationPlatforms) = postSolution
		{5818C4C5-A35D-4191-8884-67EA4C6C3ECF}.Debug|Any CPU.ActiveCfg = Debug|Any CPU
		{5818C4C5-A35D-4191-8884-67EA4C6C3ECF}.Debug|Any CPU.Build.0 = Debug|Any CPU
		{5818C4C5-A35D-4191-8884-67EA4C6C3ECF}.Release|Any CPU.ActiveCfg = Release|Any CPU
		{5818C4C5-A35D-4191-8884-67EA4C6C3ECF}.Release|Any CPU.Build.0 = Release|Any CPU
	EndGlobalSection
	GlobalSection(SolutionProperties) = preSolution
		HideSolutionNode = FALSE
	EndGlobalSection
EndGlobal
